<?xml version="1.0" encoding="utf-8"?>
<Project ToolsVersion="4.0" xmlns="http://schemas.microsoft.com/developer/msbuild/2003">
  <ItemGroup>
    <ClCompile Include="src\Dll.cpp" />
    <ClCompile Include="src\HarvestingManager.cpp" />
    <ClCompile Include="src\BWEM\EasyBMP_1.06\EasyBMP.cpp">
      <Filter>BWEM\EasyBMP</Filter>
    </ClCompile>
    <ClCompile Include="src\BuildOrderManager.cpp" />
    <ClCompile Include="src\Cost.cpp" />
    <ClCompile Include="src\BuildOrderExecutor.cpp" />
    <ClCompile Include="src\BuildOrder.cpp" />
    <ClCompile Include="src\BuildOrderItem.cpp" />
    <ClCompile Include="src\Module.cpp" />
    <ClCompile Include="src\BWEM\area.cpp">
      <Filter>BWEM</Filter>
    </ClCompile>
    <ClCompile Include="src\BWEM\bwapiExt.cpp">
      <Filter>BWEM</Filter>
    </ClCompile>
    <ClCompile Include="src\BWEM\bwem.cpp">
      <Filter>BWEM</Filter>
    </ClCompile>
    <ClCompile Include="src\BWEM\cp.cpp">
      <Filter>BWEM</Filter>
    </ClCompile>
    <ClCompile Include="src\BWEM\examples.cpp">
      <Filter>BWEM</Filter>
    </ClCompile>
    <ClCompile Include="src\BWEM\graph.cpp">
      <Filter>BWEM</Filter>
    </ClCompile>
    <ClCompile Include="src\BWEM\gridMap.cpp">
      <Filter>BWEM</Filter>
    </ClCompile>
    <ClCompile Include="src\BWEM\map.cpp">
      <Filter>BWEM</Filter>
    </ClCompile>
    <ClCompile Include="src\BWEM\mapDrawer.cpp">
      <Filter>BWEM</Filter>
    </ClCompile>
    <ClCompile Include="src\BWEM\mapImpl.cpp">
      <Filter>BWEM</Filter>
    </ClCompile>
    <ClCompile Include="src\BWEM\mapPrinter.cpp">
      <Filter>BWEM</Filter>
    </ClCompile>
    <ClCompile Include="src\BWEM\neutral.cpp">
      <Filter>BWEM</Filter>
    </ClCompile>
    <ClCompile Include="src\BWEM\tiles.cpp">
      <Filter>BWEM</Filter>
    </ClCompile>
    <ClCompile Include="src\BWEM\utils.cpp">
      <Filter>BWEM</Filter>
    </ClCompile>
    <ClCompile Include="src\BWEM\winutils.cpp">
      <Filter>BWEM</Filter>
    </ClCompile>
    <ClCompile Include="src\ModuleContainer.cpp" />
    <ClCompile Include="src\MorphingUnits.cpp" />
    <ClCompile Include="src\BuildingPlaceabilityHelper.cpp" />
    <ClCompile Include="src\StringUtil.cpp" />
    <ClCompile Include="src\FightManager.cpp" />
    <ClCompile Include="src\CostReservation.cpp" />
    <ClCompile Include="src\BuildTaskInProgress.cpp" />
    <ClCompile Include="src\ProducerManager.cpp" />
    <ClCompile Include="src\LarvaReservations.cpp" />
    <ClCompile Include="src\ScoutingManager.cpp" />
    <ClCompile Include="src\DiscoveredMemory.cpp" />
    <ClCompile Include="src\BuildTasks.cpp" />
    <ClCompile Include="src\DangerZones.cpp" />
    <ClCompile Include="src\TaskForce.cpp" />
    <ClCompile Include="src\Overmind.cpp" />
    <ClCompile Include="src\Unit.cpp" />
    <ClCompile Include="src\Units.cpp" />
    <ClCompile Include="src\Assignment.cpp" />
    <ClCompile Include="src\Vector.cpp" />
    <ClCompile Include="src\BhaalBot.cpp" />
    <ClCompile Include="src\Group.cpp" />
    <ClCompile Include="src\GroupController.cpp" />
    <ClCompile Include="src\MutaGroupController.cpp" />
    <ClCompile Include="src\TaskForceController.cpp" />
    <ClCompile Include="src\Base.cpp" />
    <ClCompile Include="src\Bases.cpp" />
    <ClCompile Include="src\BWEM\bwemBase.cpp">
      <Filter>BWEM</Filter>
    </ClCompile>
    <ClCompile Include="src\BaseHarvestingController.cpp" />
    <ClCompile Include="src\Logger.cpp" />
    <ClCompile Include="src\Filesystem.cpp" />
    <ClCompile Include="src\ApplicationVersion.cpp" />
    <ClCompile Include="src\Version.cpp" />
    <ClCompile Include="src\StackWalker.cpp" />
    <ClCompile Include="src\FileUtil.cpp" />
    <ClCompile Include="src\FileWriteStream.cpp" />
    <ClCompile Include="src\LingGroupController.cpp" />
    <ClCompile Include="src\PropertyTree.cpp" />
    <ClCompile Include="src\PropertyTreeIni.cpp" />
    <ClCompile Include="src\PropertyTreeJson.cpp" />
    <ClCompile Include="src\PtreeUtil.cpp" />
    <ClCompile Include="src\ParseReadState.cpp" />
    <ClCompile Include="src\FileReadStream.cpp" />
    <ClCompile Include="src\StringReadStream.cpp" />
    <ClCompile Include="src\BroodwarWriteStream.cpp" />
    <ClCompile Include="src\BaseInDangerDetector.cpp" />
    <ClCompile Include="src\DroneDefenseGroupController.cpp" />
    <ClCompile Include="src\DefendTaskForceController.cpp" />
    <ClCompile Include="src\Target.cpp" />
    <ClCompile Include="src\BWAPIUtil.cpp" />
    <ClCompile Include="src\Player.cpp" />
    <ClCompile Include="src\Players.cpp" />
    <ClCompile Include="src\UnitTarget.cpp" />
    <ClCompile Include="src\Direction.cpp" />
    <ClCompile Include="src\RealOrientation.cpp" />
    <ClCompile Include="src\UnitAsAttackTargetEvaulation.cpp" />
    <ClCompile Include="src\UnitSearch.cpp" />
    <ClCompile Include="src\TargetWithPath.cpp" />
    <ClCompile Include="src\Strategy\LingRushStrategy.cpp">
      <Filter>Strategy</Filter>
    </ClCompile>
    <ClCompile Include="src\Strategy\Strategy.cpp">
      <Filter>Strategy</Filter>
    </ClCompile>
    <ClCompile Include="src\Strategy\Strategies.cpp">
      <Filter>Strategy</Filter>
    </ClCompile>
    <ClCompile Include="src\Strategy\StrategySelector.cpp">
      <Filter>Strategy</Filter>
    </ClCompile>
    <ClCompile Include="src\Strategy\StrategyExecutor.cpp">
      <Filter>Strategy</Filter>
    </ClCompile>
    <ClCompile Include="src\Strategy\HatchExpStrategy.cpp">
      <Filter>Strategy</Filter>
    </ClCompile>
    <ClCompile Include="src\Strategy\MutaPushStrategy.cpp">
      <Filter>Strategy</Filter>
    </ClCompile>
    <ClCompile Include="src\Strategy\GatePushStrategy.cpp">
      <Filter>Strategy</Filter>
    </ClCompile>
    <ClCompile Include="src\ProductionQueueReservations.cpp" />
    <ClCompile Include="src\ProducingUnits.cpp" />
    <ClCompile Include="src\Strategy\EarlyMarinePush.cpp">
      <Filter>Strategy</Filter>
    </ClCompile>
    <ClCompile Include="src\UnitCompositionSelector\UnitCompositionSelector.cpp">
      <Filter>UnitCompositionSelector</Filter>
    </ClCompile>
    <ClCompile Include="src\UnitCompositionSelector\ZvPUnitCompositionSelector.cpp">
      <Filter>UnitCompositionSelector</Filter>
    </ClCompile>
    <ClCompile Include="src\Strategy\GenericZvPStrategy.cpp">
      <Filter>Strategy</Filter>
    </ClCompile>
    <ClCompile Include="src\DelayedExitChecker.cpp" />
    <ClCompile Include="UnitControllerReactive.cpp" />
    <ClCompile Include="ZerglingNnController.cpp" />
  </ItemGroup>
  <ItemGroup>
    <ClInclude Include="src\HarvestingManager.hpp" />
    <ClInclude Include="src\BWEM\EasyBMP_1.06\EasyBMP.h">
      <Filter>BWEM\EasyBMP</Filter>
    </ClInclude>
    <ClInclude Include="src\BWEM\EasyBMP_1.06\EasyBMP_BMP.h">
      <Filter>BWEM\EasyBMP</Filter>
    </ClInclude>
    <ClInclude Include="src\BWEM\EasyBMP_1.06\EasyBMP_DataStructures.h">
      <Filter>BWEM\EasyBMP</Filter>
    </ClInclude>
    <ClInclude Include="src\BWEM\EasyBMP_1.06\EasyBMP_VariousBMPutilities.h">
      <Filter>BWEM\EasyBMP</Filter>
    </ClInclude>
    <ClInclude Include="src\BuildOrderManager.hpp" />
    <ClInclude Include="src\Cost.hpp" />
    <ClInclude Include="src\BuildOrderExecutor.hpp" />
    <ClInclude Include="src\BuildOrder.hpp" />
    <ClInclude Include="src\BuildOrderItem.hpp" />
    <ClInclude Include="src\Module.hpp" />
    <ClInclude Include="src\BWEM\area.h">
      <Filter>BWEM</Filter>
    </ClInclude>
    <ClInclude Include="src\BWEM\bwapiExt.h">
      <Filter>BWEM</Filter>
    </ClInclude>
    <ClInclude Include="src\BWEM\bwem.h">
      <Filter>BWEM</Filter>
    </ClInclude>
    <ClInclude Include="src\BWEM\cp.h">
      <Filter>BWEM</Filter>
    </ClInclude>
    <ClInclude Include="src\BWEM\defs.h">
      <Filter>BWEM</Filter>
    </ClInclude>
    <ClInclude Include="src\BWEM\examples.h">
      <Filter>BWEM</Filter>
    </ClInclude>
    <ClInclude Include="src\BWEM\graph.h">
      <Filter>BWEM</Filter>
    </ClInclude>
    <ClInclude Include="src\BWEM\gridMap.h">
      <Filter>BWEM</Filter>
    </ClInclude>
    <ClInclude Include="src\BWEM\map.h">
      <Filter>BWEM</Filter>
    </ClInclude>
    <ClInclude Include="src\BWEM\mapDrawer.h">
      <Filter>BWEM</Filter>
    </ClInclude>
    <ClInclude Include="src\BWEM\mapImpl.h">
      <Filter>BWEM</Filter>
    </ClInclude>
    <ClInclude Include="src\BWEM\mapPrinter.h">
      <Filter>BWEM</Filter>
    </ClInclude>
    <ClInclude Include="src\BWEM\neutral.h">
      <Filter>BWEM</Filter>
    </ClInclude>
    <ClInclude Include="src\BWEM\tiles.h">
      <Filter>BWEM</Filter>
    </ClInclude>
    <ClInclude Include="src\BWEM\utils.h">
      <Filter>BWEM</Filter>
    </ClInclude>
    <ClInclude Include="src\BWEM\winutils.h">
      <Filter>BWEM</Filter>
    </ClInclude>
    <ClInclude Include="src\ModuleContainer.hpp" />
    <ClInclude Include="src\MorphingUnits.hpp" />
    <ClInclude Include="src\BuildingPlaceabilityHelper.hpp" />
    <ClInclude Include="src\StringUtil.hpp" />
    <ClInclude Include="src\BuildLocationType.hpp" />
    <ClInclude Include="src\FightManager.hpp" />
    <ClInclude Include="src\CostReservation.hpp" />
    <ClInclude Include="src\BuildTaskInProgress.hpp" />
    <ClInclude Include="src\ProducerManager.hpp" />
    <ClInclude Include="src\LarvaReservations.hpp" />
    <ClInclude Include="src\ScoutingManager.hpp" />
    <ClInclude Include="src\DiscoveredMemory.hpp" />
    <ClInclude Include="src\BuildTasks.hpp" />
    <ClInclude Include="src\DangerZones.hpp" />
    <ClInclude Include="src\TaskForce.hpp" />
    <ClInclude Include="src\Overmind.hpp" />
    <ClInclude Include="src\Unit.hpp" />
    <ClInclude Include="src\Units.hpp" />
    <ClInclude Include="src\Assignment.hpp" />
    <ClInclude Include="src\Vector.hpp" />
    <ClInclude Include="src\BhaalBot.hpp" />
    <ClInclude Include="src\Group.hpp" />
    <ClInclude Include="src\GroupController.hpp" />
    <ClInclude Include="src\MutaGroupController.hpp" />
    <ClInclude Include="src\TaskForceController.hpp" />
    <ClInclude Include="src\Base.hpp" />
    <ClInclude Include="src\Bases.hpp" />
    <ClInclude Include="src\BWEM\bwemBase.h">
      <Filter>BWEM</Filter>
    </ClInclude>
    <ClInclude Include="src\BaseHarvestingController.hpp" />
    <ClInclude Include="src\Log.hpp" />
    <ClInclude Include="src\Logger.hpp" />
    <ClInclude Include="src\Filesystem.hpp" />
    <ClInclude Include="src\ApplicationVersion.hpp" />
    <ClInclude Include="src\Version.hpp" />
    <ClInclude Include="src\StackWalker.h" />
    <ClInclude Include="src\FileUtil.hpp" />
    <ClInclude Include="src\FileWriteStream.hpp" />
    <ClInclude Include="src\WriteStream.hpp" />
    <ClInclude Include="src\ImmutableString.hpp" />
    <ClInclude Include="src\LingGroupController.hpp" />
    <ClInclude Include="src\PropertyTree.hpp" />
    <ClInclude Include="src\PropertyTreeIni.hpp" />
    <ClInclude Include="src\PropertyTreeJson.hpp" />
    <ClInclude Include="src\PtreeUtil.hpp" />
    <ClInclude Include="src\CStringReadStream.hpp" />
    <ClInclude Include="src\ParseReadState.hpp" />
    <ClInclude Include="src\ReadStream.hpp" />
    <ClInclude Include="src\StringWriteStream.hpp" />
    <ClInclude Include="src\FileReadStream.hpp" />
    <ClInclude Include="src\StringReadStream.hpp" />
    <ClInclude Include="src\BroodwarWriteStream.hpp" />
    <ClInclude Include="src\BaseInDangerDetector.hpp" />
    <ClInclude Include="src\DroneDefenseGroupController.hpp" />
    <ClInclude Include="src\DefendTaskForceController.hpp" />
    <ClInclude Include="src\Target.hpp" />
    <ClInclude Include="src\BWAPIUtil.hpp" />
    <ClInclude Include="src\Player.hpp" />
    <ClInclude Include="src\Players.hpp" />
    <ClInclude Include="src\UnitTarget.hpp" />
    <ClInclude Include="src\Direction.hpp" />
    <ClInclude Include="src\RealOrientation.hpp" />
    <ClInclude Include="src\UnitAsAttackTargetEvaulation.hpp" />
    <ClInclude Include="src\UnitSearch.hpp" />
    <ClInclude Include="src\TargetWithPath.hpp" />
    <ClInclude Include="src\Strategy\LingRushStrategy.hpp">
      <Filter>Strategy</Filter>
    </ClInclude>
    <ClInclude Include="src\Strategy\Strategy.hpp">
      <Filter>Strategy</Filter>
    </ClInclude>
    <ClInclude Include="src\Strategy\Strategies.hpp">
      <Filter>Strategy</Filter>
    </ClInclude>
    <ClInclude Include="src\Strategy\StrategySelector.hpp">
      <Filter>Strategy</Filter>
    </ClInclude>
    <ClInclude Include="src\Strategy\StrategyExecutor.hpp">
      <Filter>Strategy</Filter>
    </ClInclude>
    <ClInclude Include="src\Strategy\HatchExpStrategy.hpp">
      <Filter>Strategy</Filter>
    </ClInclude>
    <ClInclude Include="src\Strategy\MutaPushStrategy.hpp">
      <Filter>Strategy</Filter>
    </ClInclude>
    <ClInclude Include="src\Strategy\GatePushStrategy.hpp">
      <Filter>Strategy</Filter>
    </ClInclude>
    <ClInclude Include="src\ProductionQueueReservations.hpp" />
    <ClInclude Include="src\ProducingUnits.hpp" />
    <ClInclude Include="src\Strategy\EarlyMarinePush.hpp">
      <Filter>Strategy</Filter>
    </ClInclude>
    <ClInclude Include="src\UnitCompositionSelector\UnitCompositionSelector.hpp">
      <Filter>UnitCompositionSelector</Filter>
    </ClInclude>
    <ClInclude Include="src\UnitCompositionSelector\ZvPUnitCompositionSelector.hpp">
      <Filter>UnitCompositionSelector</Filter>
    </ClInclude>
    <ClInclude Include="src\Util.hpp" />
    <ClInclude Include="src\Strategy\GenericZvPStrategy.hpp">
      <Filter>Strategy</Filter>
    </ClInclude>
    <ClInclude Include="src\DelayedExitChecker.hpp" />
    <ClInclude Include="UnitControllerReactive.hpp" />
    <ClInclude Include="ZerglingNnController.hpp" />
  </ItemGroup>
  <ItemGroup>
    <Filter Include="BWEM">
      <UniqueIdentifier>{f711dc3d-e338-4f51-a692-e5d5015a4dec}</UniqueIdentifier>
    </Filter>
    <Filter Include="BWEM\EasyBMP">
      <UniqueIdentifier>{f4dfc80a-e94b-4aad-8b90-8917bf88a194}</UniqueIdentifier>
    </Filter>
    <Filter Include="Strategy">
      <UniqueIdentifier>{021bb3f3-ad1e-4f9e-9647-643e9693111f}</UniqueIdentifier>
    </Filter>
    <Filter Include="UnitCompositionSelector">
      <UniqueIdentifier>{7fa8748b-54c6-49b8-9b9a-bc622e2240d4}</UniqueIdentifier>
    </Filter>
  </ItemGroup>
</Project>